Microsoft Visual Studio Solution File, Format Version 11.00
# Visual Studio 2008

Project("{02171002-7B35-CCF5-652E-F62DBE44D987}") = "UnityProject1", "Assembly-CSharp.csproj", "{C148FFB8-1DC5-E94E-32F2-BE3FABA64478}"
EndProject
Project("{02171002-7B35-CCF5-652E-F62DBE44D987}") = "UnityProject1", "Assembly-CSharp-Editor.csproj", "{0A6FCEDA-A959-3B71-DC85-E60E885016FD}"
EndProject
Project("{02171002-7B35-CCF5-652E-F62DBE44D987}") = "UnityProject1", "Assembly-UnityScript.unityproj", "{C52AC35A-DF24-C5E2-272F-FDFB5C5365CA}"
EndProject
Global
	GlobalSection(SolutionConfigurationPlatforms) = preSolution
		Debug|Any CPU = Debug|Any CPU
		Release|Any CPU = Release|Any CPU
	EndGlobalSection
	GlobalSection(ProjectConfigurationPlatforms) = postSolution
		{C148FFB8-1DC5-E94E-32F2-BE3FABA64478}.Debug|Any CPU.ActiveCfg = Debug|Any CPU
		{C148FFB8-1DC5-E94E-32F2-BE3FABA64478}.Debug|Any CPU.Build.0 = Debug|Any CPU
		{C148FFB8-1DC5-E94E-32F2-BE3FABA64478}.Release|Any CPU.ActiveCfg = Release|Any CPU
		{C148FFB8-1DC5-E94E-32F2-BE3FABA64478}.Release|Any CPU.Build.0 = Release|Any CPU
		{0A6FCEDA-A959-3B71-DC85-E60E885016FD}.Debug|Any CPU.ActiveCfg = Debug|Any CPU
		{0A6FCEDA-A959-3B71-DC85-E60E885016FD}.Debug|Any CPU.Build.0 = Debug|Any CPU
		{0A6FCEDA-A959-3B71-DC85-E60E885016FD}.Release|Any CPU.ActiveCfg = Release|Any CPU
		{0A6FCEDA-A959-3B71-DC85-E60E885016FD}.Release|Any CPU.Build.0 = Release|Any CPU
		{C52AC35A-DF24-C5E2-272F-FDFB5C5365CA}.Debug|Any CPU.ActiveCfg = Debug|Any CPU
		{C52AC35A-DF24-C5E2-272F-FDFB5C5365CA}.Debug|Any CPU.Build.0 = Debug|Any CPU
		{C52AC35A-DF24-C5E2-272F-FDFB5C5365CA}.Release|Any CPU.ActiveCfg = Release|Any CPU
		{C52AC35A-DF24-C5E2-272F-FDFB5C5365CA}.Release|Any CPU.Build.0 = Release|Any CPU
	EndGlobalSection
	GlobalSection(SolutionProperties) = preSolution
		HideSolutionNode = FALSE
	EndGlobalSection
	GlobalSection(MonoDevelopProperties) = preSolution
		StartupItem = Assembly-CSharp.csproj
	EndGlobalSection
EndGlobal
